
Microsoft Visual Studio Solution File, Format Version 12.00
# Visual Studio 2015
Project("{FAE04EC0-301F-11D3-BF4B-00C04F79EFBC}") = "New Unity Project111.CSharp", "New Unity Project111.CSharp.csproj", "{D7D3E0FA-3FA4-9299-ECB2-A7E6F3A01F3B}"
EndProject
Project("{FAE04EC0-301F-11D3-BF4B-00C04F79EFBC}") = "New Unity Project111.CSharp.Editor", "New Unity Project111.CSharp.Editor.csproj", "{BC44C9CB-47FC-CFF2-E531-FE7674216833}"
EndProject
Global
	GlobalSection(SolutionConfigurationPlatforms) = preSolution
		Debug|Any CPU = Debug|Any CPU
		Release|Any CPU = Release|Any CPU
	EndGlobalSection
	GlobalSection(ProjectConfigurationPlatforms) = postSolution
		{D7D3E0FA-3FA4-9299-ECB2-A7E6F3A01F3B}.Debug|Any CPU.ActiveCfg = Debug|Any CPU
		{D7D3E0FA-3FA4-9299-ECB2-A7E6F3A01F3B}.Debug|Any CPU.Build.0 = Debug|Any CPU
		{D7D3E0FA-3FA4-9299-ECB2-A7E6F3A01F3B}.Release|Any CPU.ActiveCfg = Release|Any CPU
		{D7D3E0FA-3FA4-9299-ECB2-A7E6F3A01F3B}.Release|Any CPU.Build.0 = Release|Any CPU
		{BC44C9CB-47FC-CFF2-E531-FE7674216833}.Debug|Any CPU.ActiveCfg = Debug|Any CPU
		{BC44C9CB-47FC-CFF2-E531-FE7674216833}.Debug|Any CPU.Build.0 = Debug|Any CPU
		{BC44C9CB-47FC-CFF2-E531-FE7674216833}.Release|Any CPU.ActiveCfg = Release|Any CPU
		{BC44C9CB-47FC-CFF2-E531-FE7674216833}.Release|Any CPU.Build.0 = Release|Any CPU
	EndGlobalSection
	GlobalSection(SolutionProperties) = preSolution
		HideSolutionNode = FALSE
	EndGlobalSection
EndGlobal
