
Microsoft Visual Studio Solution File, Format Version 12.00
# Visual Studio 2015
Project("{FAE04EC0-301F-11D3-BF4B-00C04F79EFBC}") = "VRinEducation.CSharp", "VRinEducation.CSharp.csproj", "{4165B956-BFF2-2370-F698-AB458C388EC6}"
EndProject
Project("{FAE04EC0-301F-11D3-BF4B-00C04F79EFBC}") = "VRinEducation.CSharp.Editor", "VRinEducation.CSharp.Editor.csproj", "{8DDA0849-10BB-DFF2-FFEB-05474A80E348}"
EndProject
Global
	GlobalSection(SolutionConfigurationPlatforms) = preSolution
		Debug|Any CPU = Debug|Any CPU
		Release|Any CPU = Release|Any CPU
	EndGlobalSection
	GlobalSection(ProjectConfigurationPlatforms) = postSolution
		{4165B956-BFF2-2370-F698-AB458C388EC6}.Debug|Any CPU.ActiveCfg = Debug|Any CPU
		{4165B956-BFF2-2370-F698-AB458C388EC6}.Debug|Any CPU.Build.0 = Debug|Any CPU
		{4165B956-BFF2-2370-F698-AB458C388EC6}.Release|Any CPU.ActiveCfg = Release|Any CPU
		{4165B956-BFF2-2370-F698-AB458C388EC6}.Release|Any CPU.Build.0 = Release|Any CPU
		{8DDA0849-10BB-DFF2-FFEB-05474A80E348}.Debug|Any CPU.ActiveCfg = Debug|Any CPU
		{8DDA0849-10BB-DFF2-FFEB-05474A80E348}.Debug|Any CPU.Build.0 = Debug|Any CPU
		{8DDA0849-10BB-DFF2-FFEB-05474A80E348}.Release|Any CPU.ActiveCfg = Release|Any CPU
		{8DDA0849-10BB-DFF2-FFEB-05474A80E348}.Release|Any CPU.Build.0 = Release|Any CPU
	EndGlobalSection
	GlobalSection(SolutionProperties) = preSolution
		HideSolutionNode = FALSE
	EndGlobalSection
EndGlobal
